// !$*UTF8*$!
{
	archiveVersion = 1;
	classes = {
	};
	objectVersion = 48;
	objects = {

/* Begin PBXBuildFile section */
		E810F00D1F4827D6009110C3 /* RoundedButton.swift in Sources */ = {isa = PBXBuildFile; fileRef = E810F00C1F4827D6009110C3 /* RoundedButton.swift */; };
		E810F00F1F48330C009110C3 /* UserDataService.swift in Sources */ = {isa = PBXBuildFile; fileRef = E810F00E1F48330C009110C3 /* UserDataService.swift */; };
		E810F0111F483E32009110C3 /* AvatarPickerVC.swift in Sources */ = {isa = PBXBuildFile; fileRef = E810F0101F483E32009110C3 /* AvatarPickerVC.swift */; };
		E810F0131F484044009110C3 /* AvatarCell.swift in Sources */ = {isa = PBXBuildFile; fileRef = E810F0121F484044009110C3 /* AvatarCell.swift */; };
		E810F0151F485C7E009110C3 /* CircleImage.swift in Sources */ = {isa = PBXBuildFile; fileRef = E810F0141F485C7E009110C3 /* CircleImage.swift */; };
		E812B8C31F48730B00580794 /* ProfileVC.swift in Sources */ = {isa = PBXBuildFile; fileRef = E812B8C11F48730B00580794 /* ProfileVC.swift */; };
		E812B8C41F48730B00580794 /* ProfileVC.xib in Resources */ = {isa = PBXBuildFile; fileRef = E812B8C21F48730B00580794 /* ProfileVC.xib */; };
		E812B8C71F4875F200580794 /* RoundedView.swift in Sources */ = {isa = PBXBuildFile; fileRef = E812B8C61F4875F200580794 /* RoundedView.swift */; };
		E812B8C91F488AF600580794 /* MessageService.swift in Sources */ = {isa = PBXBuildFile; fileRef = E812B8C81F488AF600580794 /* MessageService.swift */; };
		E812B8CB1F488B4900580794 /* Channel.swift in Sources */ = {isa = PBXBuildFile; fileRef = E812B8CA1F488B4900580794 /* Channel.swift */; };
		E814FE2B1F4729AA00FBD929 /* AppDelegate.swift in Sources */ = {isa = PBXBuildFile; fileRef = E814FE2A1F4729AA00FBD929 /* AppDelegate.swift */; };
		E814FE301F4729AA00FBD929 /* Main.storyboard in Resources */ = {isa = PBXBuildFile; fileRef = E814FE2E1F4729AA00FBD929 /* Main.storyboard */; };
		E814FE321F4729AA00FBD929 /* Assets.xcassets in Resources */ = {isa = PBXBuildFile; fileRef = E814FE311F4729AA00FBD929 /* Assets.xcassets */; };
		E814FE351F4729AA00FBD929 /* LaunchScreen.storyboard in Resources */ = {isa = PBXBuildFile; fileRef = E814FE331F4729AA00FBD929 /* LaunchScreen.storyboard */; };
		E814FE441F47364C00FBD929 /* ChatVC.swift in Sources */ = {isa = PBXBuildFile; fileRef = E814FE431F47364C00FBD929 /* ChatVC.swift */; };
		E814FE461F47367300FBD929 /* ChannelVC.swift in Sources */ = {isa = PBXBuildFile; fileRef = E814FE451F47367300FBD929 /* ChannelVC.swift */; };
		E814FE471F4739B600FBD929 /* SWRevealViewController.m in Sources */ = {isa = PBXBuildFile; fileRef = E814FE3F1F47316400FBD929 /* SWRevealViewController.m */; };
		E814FE491F473DAE00FBD929 /* GradientView.swift in Sources */ = {isa = PBXBuildFile; fileRef = E814FE481F473DAE00FBD929 /* GradientView.swift */; };
		E814FE4C1F47509900FBD929 /* Constants.swift in Sources */ = {isa = PBXBuildFile; fileRef = E814FE4B1F47509900FBD929 /* Constants.swift */; };
		E814FE4E1F47562D00FBD929 /* LoginVC.swift in Sources */ = {isa = PBXBuildFile; fileRef = E814FE4D1F47562D00FBD929 /* LoginVC.swift */; };
		E874E93D1F479723009EC080 /* AuthService.swift in Sources */ = {isa = PBXBuildFile; fileRef = E874E93C1F479723009EC080 /* AuthService.swift */; };
		E88016261F48A1D300E4DBE2 /* SocketService.swift in Sources */ = {isa = PBXBuildFile; fileRef = E88016251F48A1D300E4DBE2 /* SocketService.swift */; };
		E89289BA1F48BFF800ED0E21 /* Message.swift in Sources */ = {isa = PBXBuildFile; fileRef = E89289B91F48BFF700ED0E21 /* Message.swift */; };
		E89289BC1F48CA4A00ED0E21 /* KeyboardBoundView.swift in Sources */ = {isa = PBXBuildFile; fileRef = E89289BB1F48CA4A00ED0E21 /* KeyboardBoundView.swift */; };
		E8D06C4C1F48931D00721F76 /* ChannelCell.swift in Sources */ = {isa = PBXBuildFile; fileRef = E8D06C4B1F48931D00721F76 /* ChannelCell.swift */; };
		E8D06C4F1F48987900721F76 /* AddChannelVC.swift in Sources */ = {isa = PBXBuildFile; fileRef = E8D06C4D1F48987900721F76 /* AddChannelVC.swift */; };
		E8D06C501F48987900721F76 /* AddChannelVC.xib in Resources */ = {isa = PBXBuildFile; fileRef = E8D06C4E1F48987900721F76 /* AddChannelVC.xib */; };
		E8E5FE981F4762EB00A75C03 /* CreateAccountVC.swift in Sources */ = {isa = PBXBuildFile; fileRef = E8E5FE971F4762EB00A75C03 /* CreateAccountVC.swift */; };
		F7AD2FE069142EF98232EE89 /* Pods_Smack.framework in Frameworks */ = {isa = PBXBuildFile; fileRef = AE0D40D8E674F2A9FE550993 /* Pods_Smack.framework */; };
/* End PBXBuildFile section */

/* Begin PBXFileReference section */
		7AE88691A223929FDAA5B2FE /* Pods-Smack.debug.xcconfig */ = {isa = PBXFileReference; includeInIndex = 1; lastKnownFileType = text.xcconfig; name = "Pods-Smack.debug.xcconfig"; path = "Pods/Target Support Files/Pods-Smack/Pods-Smack.debug.xcconfig"; sourceTree = "<group>"; };
		AE0D40D8E674F2A9FE550993 /* Pods_Smack.framework */ = {isa = PBXFileReference; explicitFileType = wrapper.framework; includeInIndex = 0; path = Pods_Smack.framework; sourceTree = BUILT_PRODUCTS_DIR; };
		BA15412BD210AF95B1E8C48E /* Pods-Smack.release.xcconfig */ = {isa = PBXFileReference; includeInIndex = 1; lastKnownFileType = text.xcconfig; name = "Pods-Smack.release.xcconfig"; path = "Pods/Target Support Files/Pods-Smack/Pods-Smack.release.xcconfig"; sourceTree = "<group>"; };
		E810F00C1F4827D6009110C3 /* RoundedButton.swift */ = {isa = PBXFileReference; lastKnownFileType = sourcecode.swift; path = RoundedButton.swift; sourceTree = "<group>"; };
		E810F00E1F48330C009110C3 /* UserDataService.swift */ = {isa = PBXFileReference; lastKnownFileType = sourcecode.swift; path = UserDataService.swift; sourceTree = "<group>"; };
		E810F0101F483E32009110C3 /* AvatarPickerVC.swift */ = {isa = PBXFileReference; lastKnownFileType = sourcecode.swift; path = AvatarPickerVC.swift; sourceTree = "<group>"; };
		E810F0121F484044009110C3 /* AvatarCell.swift */ = {isa = PBXFileReference; lastKnownFileType = sourcecode.swift; path = AvatarCell.swift; sourceTree = "<group>"; };
		E810F0141F485C7E009110C3 /* CircleImage.swift */ = {isa = PBXFileReference; lastKnownFileType = sourcecode.swift; path = CircleImage.swift; sourceTree = "<group>"; };
		E812B8C11F48730B00580794 /* ProfileVC.swift */ = {isa = PBXFileReference; lastKnownFileType = sourcecode.swift; path = ProfileVC.swift; sourceTree = "<group>"; };
		E812B8C21F48730B00580794 /* ProfileVC.xib */ = {isa = PBXFileReference; lastKnownFileType = file.xib; path = ProfileVC.xib; sourceTree = "<group>"; };
		E812B8C61F4875F200580794 /* RoundedView.swift */ = {isa = PBXFileReference; lastKnownFileType = sourcecode.swift; path = RoundedView.swift; sourceTree = "<group>"; };
		E812B8C81F488AF600580794 /* MessageService.swift */ = {isa = PBXFileReference; lastKnownFileType = sourcecode.swift; path = MessageService.swift; sourceTree = "<group>"; };
		E812B8CA1F488B4900580794 /* Channel.swift */ = {isa = PBXFileReference; lastKnownFileType = sourcecode.swift; path = Channel.swift; sourceTree = "<group>"; };
		E814FE271F4729AA00FBD929 /* Smack.app */ = {isa = PBXFileReference; explicitFileType = wrapper.application; includeInIndex = 0; path = Smack.app; sourceTree = BUILT_PRODUCTS_DIR; };
		E814FE2A1F4729AA00FBD929 /* AppDelegate.swift */ = {isa = PBXFileReference; lastKnownFileType = sourcecode.swift; path = AppDelegate.swift; sourceTree = "<group>"; };
		E814FE2F1F4729AA00FBD929 /* Base */ = {isa = PBXFileReference; lastKnownFileType = file.storyboard; name = Base; path = Base.lproj/Main.storyboard; sourceTree = "<group>"; };
		E814FE311F4729AA00FBD929 /* Assets.xcassets */ = {isa = PBXFileReference; lastKnownFileType = folder.assetcatalog; path = Assets.xcassets; sourceTree = "<group>"; };
		E814FE341F4729AA00FBD929 /* Base */ = {isa = PBXFileReference; lastKnownFileType = file.storyboard; name = Base; path = Base.lproj/LaunchScreen.storyboard; sourceTree = "<group>"; };
		E814FE361F4729AA00FBD929 /* Info.plist */ = {isa = PBXFileReference; lastKnownFileType = text.plist.xml; path = Info.plist; sourceTree = "<group>"; };
		E814FE3D1F47316300FBD929 /* Smack-Bridging-Header.h */ = {isa = PBXFileReference; lastKnownFileType = sourcecode.c.h; path = "Smack-Bridging-Header.h"; sourceTree = "<group>"; };
		E814FE3E1F47316400FBD929 /* SWRevealViewController.h */ = {isa = PBXFileReference; lastKnownFileType = sourcecode.c.h; path = SWRevealViewController.h; sourceTree = "<group>"; };
		E814FE3F1F47316400FBD929 /* SWRevealViewController.m */ = {isa = PBXFileReference; lastKnownFileType = sourcecode.c.objc; path = SWRevealViewController.m; sourceTree = "<group>"; };
		E814FE431F47364C00FBD929 /* ChatVC.swift */ = {isa = PBXFileReference; lastKnownFileType = sourcecode.swift; path = ChatVC.swift; sourceTree = "<group>"; };
		E814FE451F47367300FBD929 /* ChannelVC.swift */ = {isa = PBXFileReference; lastKnownFileType = sourcecode.swift; path = ChannelVC.swift; sourceTree = "<group>"; };
		E814FE481F473DAE00FBD929 /* GradientView.swift */ = {isa = PBXFileReference; lastKnownFileType = sourcecode.swift; path = GradientView.swift; sourceTree = "<group>"; };
		E814FE4B1F47509900FBD929 /* Constants.swift */ = {isa = PBXFileReference; lastKnownFileType = sourcecode.swift; path = Constants.swift; sourceTree = "<group>"; };
		E814FE4D1F47562D00FBD929 /* LoginVC.swift */ = {isa = PBXFileReference; lastKnownFileType = sourcecode.swift; path = LoginVC.swift; sourceTree = "<group>"; };
		E874E93C1F479723009EC080 /* AuthService.swift */ = {isa = PBXFileReference; lastKnownFileType = sourcecode.swift; path = AuthService.swift; sourceTree = "<group>"; };
		E88016251F48A1D300E4DBE2 /* SocketService.swift */ = {isa = PBXFileReference; lastKnownFileType = sourcecode.swift; path = SocketService.swift; sourceTree = "<group>"; };
		E89289B91F48BFF700ED0E21 /* Message.swift */ = {isa = PBXFileReference; lastKnownFileType = sourcecode.swift; path = Message.swift; sourceTree = "<group>"; };
		E89289BB1F48CA4A00ED0E21 /* KeyboardBoundView.swift */ = {isa = PBXFileReference; lastKnownFileType = sourcecode.swift; path = KeyboardBoundView.swift; sourceTree = "<group>"; };
		E8D06C4B1F48931D00721F76 /* ChannelCell.swift */ = {isa = PBXFileReference; lastKnownFileType = sourcecode.swift; path = ChannelCell.swift; sourceTree = "<group>"; };
		E8D06C4D1F48987900721F76 /* AddChannelVC.swift */ = {isa = PBXFileReference; lastKnownFileType = sourcecode.swift; path = AddChannelVC.swift; sourceTree = "<group>"; };
		E8D06C4E1F48987900721F76 /* AddChannelVC.xib */ = {isa = PBXFileReference; lastKnownFileType = file.xib; path = AddChannelVC.xib; sourceTree = "<group>"; };
		E8E5FE971F4762EB00A75C03 /* CreateAccountVC.swift */ = {isa = PBXFileReference; lastKnownFileType = sourcecode.swift; path = CreateAccountVC.swift; sourceTree = "<group>"; };
/* End PBXFileReference section */

/* Begin PBXFrameworksBuildPhase section */
		E814FE241F4729AA00FBD929 /* Frameworks */ = {
			isa = PBXFrameworksBuildPhase;
			buildActionMask = 2147483647;
			files = (
				F7AD2FE069142EF98232EE89 /* Pods_Smack.framework in Frameworks */,
			);
			runOnlyForDeploymentPostprocessing = 0;
		};
/* End PBXFrameworksBuildPhase section */

/* Begin PBXGroup section */
		31A985EE21F430F719EBA84D /* Frameworks */ = {
			isa = PBXGroup;
			children = (
				AE0D40D8E674F2A9FE550993 /* Pods_Smack.framework */,
			);
			name = Frameworks;
			sourceTree = "<group>";
		};
		4403F30B52E2C6ACC19E2674 /* Pods */ = {
			isa = PBXGroup;
			children = (
				7AE88691A223929FDAA5B2FE /* Pods-Smack.debug.xcconfig */,
				BA15412BD210AF95B1E8C48E /* Pods-Smack.release.xcconfig */,
			);
			name = Pods;
			sourceTree = "<group>";
		};
		E812B8C51F48733100580794 /* XIBs */ = {
			isa = PBXGroup;
			children = (
				E812B8C21F48730B00580794 /* ProfileVC.xib */,
				E8D06C4E1F48987900721F76 /* AddChannelVC.xib */,
			);
			path = XIBs;
			sourceTree = "<group>";
		};
		E814FE1E1F4729AA00FBD929 = {
			isa = PBXGroup;
			children = (
				E814FE291F4729AA00FBD929 /* Smack */,
				E814FE281F4729AA00FBD929 /* Products */,
				4403F30B52E2C6ACC19E2674 /* Pods */,
				31A985EE21F430F719EBA84D /* Frameworks */,
			);
			sourceTree = "<group>";
		};
		E814FE281F4729AA00FBD929 /* Products */ = {
			isa = PBXGroup;
			children = (
				E814FE271F4729AA00FBD929 /* Smack.app */,
			);
			name = Products;
			sourceTree = "<group>";
		};
		E814FE291F4729AA00FBD929 /* Smack */ = {
			isa = PBXGroup;
			children = (
				E812B8C51F48733100580794 /* XIBs */,
				E874E93B1F47970F009EC080 /* Services */,
				E814FE4A1F47507D00FBD929 /* Uitilities */,
				E814FE421F47361E00FBD929 /* Model */,
				E814FE411F47361A00FBD929 /* View */,
				E814FE401F47360500FBD929 /* Controller */,
				E814FE3C1F47310500FBD929 /* Supporting Files */,
				E814FE2A1F4729AA00FBD929 /* AppDelegate.swift */,
				E814FE2E1F4729AA00FBD929 /* Main.storyboard */,
				E814FE311F4729AA00FBD929 /* Assets.xcassets */,
				E814FE331F4729AA00FBD929 /* LaunchScreen.storyboard */,
				E814FE361F4729AA00FBD929 /* Info.plist */,
			);
			path = Smack;
			sourceTree = "<group>";
		};
		E814FE3C1F47310500FBD929 /* Supporting Files */ = {
			isa = PBXGroup;
			children = (
				E814FE3E1F47316400FBD929 /* SWRevealViewController.h */,
				E814FE3F1F47316400FBD929 /* SWRevealViewController.m */,
				E814FE3D1F47316300FBD929 /* Smack-Bridging-Header.h */,
			);
			path = "Supporting Files";
			sourceTree = "<group>";
		};
		E814FE401F47360500FBD929 /* Controller */ = {
			isa = PBXGroup;
			children = (
				E814FE431F47364C00FBD929 /* ChatVC.swift */,
				E814FE451F47367300FBD929 /* ChannelVC.swift */,
				E814FE4D1F47562D00FBD929 /* LoginVC.swift */,
				E8E5FE971F4762EB00A75C03 /* CreateAccountVC.swift */,
				E810F0101F483E32009110C3 /* AvatarPickerVC.swift */,
				E812B8C11F48730B00580794 /* ProfileVC.swift */,
				E8D06C4D1F48987900721F76 /* AddChannelVC.swift */,
			);
			path = Controller;
			sourceTree = "<group>";
		};
		E814FE411F47361A00FBD929 /* View */ = {
			isa = PBXGroup;
			children = (
				E814FE481F473DAE00FBD929 /* GradientView.swift */,
				E810F00C1F4827D6009110C3 /* RoundedButton.swift */,
				E810F0121F484044009110C3 /* AvatarCell.swift */,
				E810F0141F485C7E009110C3 /* CircleImage.swift */,
				E812B8C61F4875F200580794 /* RoundedView.swift */,
				E8D06C4B1F48931D00721F76 /* ChannelCell.swift */,
				E89289BB1F48CA4A00ED0E21 /* KeyboardBoundView.swift */,
			);
			path = View;
			sourceTree = "<group>";
		};
		E814FE421F47361E00FBD929 /* Model */ = {
			isa = PBXGroup;
			children = (
				E812B8CA1F488B4900580794 /* Channel.swift */,
				E89289B91F48BFF700ED0E21 /* Message.swift */,
			);
			path = Model;
			sourceTree = "<group>";
		};
		E814FE4A1F47507D00FBD929 /* Uitilities */ = {
			isa = PBXGroup;
			children = (
				E814FE4B1F47509900FBD929 /* Constants.swift */,
			);
			path = Uitilities;
			sourceTree = "<group>";
		};
		E874E93B1F47970F009EC080 /* Services */ = {
			isa = PBXGroup;
			children = (
				E874E93C1F479723009EC080 /* AuthService.swift */,
				E810F00E1F48330C009110C3 /* UserDataService.swift */,
				E812B8C81F488AF600580794 /* MessageService.swift */,
				E88016251F48A1D300E4DBE2 /* SocketService.swift */,
			);
			path = Services;
			sourceTree = "<group>";
		};
/* End PBXGroup section */

/* Begin PBXNativeTarget section */
		E814FE261F4729AA00FBD929 /* Smack */ = {
			isa = PBXNativeTarget;
			buildConfigurationList = E814FE391F4729AA00FBD929 /* Build configuration list for PBXNativeTarget "Smack" */;
			buildPhases = (
				E45A0383E7EA1B9B963408AF /* [CP] Check Pods Manifest.lock */,
				E814FE231F4729AA00FBD929 /* Sources */,
				E814FE241F4729AA00FBD929 /* Frameworks */,
				E814FE251F4729AA00FBD929 /* Resources */,
				72C07C750DF6720BADCFDDCF /* [CP] Embed Pods Frameworks */,
				8380C78BF304B96BC8F3FBE0 /* [CP] Copy Pods Resources */,
			);
			buildRules = (
			);
			dependencies = (
			);
			name = Smack;
			productName = Smack;
			productReference = E814FE271F4729AA00FBD929 /* Smack.app */;
			productType = "com.apple.product-type.application";
		};
/* End PBXNativeTarget section */

/* Begin PBXProject section */
		E814FE1F1F4729AA00FBD929 /* Project object */ = {
			isa = PBXProject;
			attributes = {
				LastSwiftUpdateCheck = 0900;
				LastUpgradeCheck = 0900;
				ORGANIZATIONNAME = "Apostolos Chalkias";
				TargetAttributes = {
					E814FE261F4729AA00FBD929 = {
						CreatedOnToolsVersion = 9.0;
						LastSwiftMigration = 0900;
					};
				};
			};
			buildConfigurationList = E814FE221F4729AA00FBD929 /* Build configuration list for PBXProject "Smack" */;
			compatibilityVersion = "Xcode 8.0";
			developmentRegion = en;
			hasScannedForEncodings = 0;
			knownRegions = (
				en,
				Base,
			);
			mainGroup = E814FE1E1F4729AA00FBD929;
			productRefGroup = E814FE281F4729AA00FBD929 /* Products */;
			projectDirPath = "";
			projectRoot = "";
			targets = (
				E814FE261F4729AA00FBD929 /* Smack */,
			);
		};
/* End PBXProject section */

/* Begin PBXResourcesBuildPhase section */
		E814FE251F4729AA00FBD929 /* Resources */ = {
			isa = PBXResourcesBuildPhase;
			buildActionMask = 2147483647;
			files = (
				E8D06C501F48987900721F76 /* AddChannelVC.xib in Resources */,
				E812B8C41F48730B00580794 /* ProfileVC.xib in Resources */,
				E814FE351F4729AA00FBD929 /* LaunchScreen.storyboard in Resources */,
				E814FE321F4729AA00FBD929 /* Assets.xcassets in Resources */,
				E814FE301F4729AA00FBD929 /* Main.storyboard in Resources */,
			);
			runOnlyForDeploymentPostprocessing = 0;
		};
/* End PBXResourcesBuildPhase section */

/* Begin PBXShellScriptBuildPhase section */
		72C07C750DF6720BADCFDDCF /* [CP] Embed Pods Frameworks */ = {
			isa = PBXShellScriptBuildPhase;
			buildActionMask = 2147483647;
			files = (
			);
			inputPaths = (
			);
			name = "[CP] Embed Pods Frameworks";
			outputPaths = (
			);
			runOnlyForDeploymentPostprocessing = 0;
			shellPath = /bin/sh;
			shellScript = "\"${SRCROOT}/Pods/Target Support Files/Pods-Smack/Pods-Smack-frameworks.sh\"\n";
			showEnvVarsInLog = 0;
		};
		8380C78BF304B96BC8F3FBE0 /* [CP] Copy Pods Resources */ = {
			isa = PBXShellScriptBuildPhase;
			buildActionMask = 2147483647;
			files = (
			);
			inputPaths = (
			);
			name = "[CP] Copy Pods Resources";
			outputPaths = (
			);
			runOnlyForDeploymentPostprocessing = 0;
			shellPath = /bin/sh;
			shellScript = "\"${SRCROOT}/Pods/Target Support Files/Pods-Smack/Pods-Smack-resources.sh\"\n";
			showEnvVarsInLog = 0;
		};
		E45A0383E7EA1B9B963408AF /* [CP] Check Pods Manifest.lock */ = {
			isa = PBXShellScriptBuildPhase;
			buildActionMask = 2147483647;
			files = (
			);
			inputPaths = (
			);
			name = "[CP] Check Pods Manifest.lock";
			outputPaths = (
			);
			runOnlyForDeploymentPostprocessing = 0;
			shellPath = /bin/sh;
			shellScript = "diff \"${PODS_ROOT}/../Podfile.lock\" \"${PODS_ROOT}/Manifest.lock\" > /dev/null\nif [ $? != 0 ] ; then\n    # print error to STDERR\n    echo \"error: The sandbox is not in sync with the Podfile.lock. Run 'pod install' or update your CocoaPods installation.\" >&2\n    exit 1\nfi\n";
			showEnvVarsInLog = 0;
		};
/* End PBXShellScriptBuildPhase section */

/* Begin PBXSourcesBuildPhase section */
		E814FE231F4729AA00FBD929 /* Sources */ = {
			isa = PBXSourcesBuildPhase;
			buildActionMask = 2147483647;
			files = (
				E814FE441F47364C00FBD929 /* ChatVC.swift in Sources */,
				E810F0111F483E32009110C3 /* AvatarPickerVC.swift in Sources */,
				E89289BC1F48CA4A00ED0E21 /* KeyboardBoundView.swift in Sources */,
				E812B8C31F48730B00580794 /* ProfileVC.swift in Sources */,
				E810F00D1F4827D6009110C3 /* RoundedButton.swift in Sources */,
				E810F0151F485C7E009110C3 /* CircleImage.swift in Sources */,
				E814FE461F47367300FBD929 /* ChannelVC.swift in Sources */,
				E812B8C91F488AF600580794 /* MessageService.swift in Sources */,
				E812B8CB1F488B4900580794 /* Channel.swift in Sources */,
				E810F00F1F48330C009110C3 /* UserDataService.swift in Sources */,
				E8E5FE981F4762EB00A75C03 /* CreateAccountVC.swift in Sources */,
				E8D06C4C1F48931D00721F76 /* ChannelCell.swift in Sources */,
				E812B8C71F4875F200580794 /* RoundedView.swift in Sources */,
				E874E93D1F479723009EC080 /* AuthService.swift in Sources */,
				E814FE4E1F47562D00FBD929 /* LoginVC.swift in Sources */,
				E88016261F48A1D300E4DBE2 /* SocketService.swift in Sources */,
				E814FE491F473DAE00FBD929 /* GradientView.swift in Sources */,
				E810F0131F484044009110C3 /* AvatarCell.swift in Sources */,
				E89289BA1F48BFF800ED0E21 /* Message.swift in Sources */,
				E8D06C4F1F48987900721F76 /* AddChannelVC.swift in Sources */,
				E814FE2B1F4729AA00FBD929 /* AppDelegate.swift in Sources */,
				E814FE471F4739B600FBD929 /* SWRevealViewController.m in Sources */,
				E814FE4C1F47509900FBD929 /* Constants.swift in Sources */,
			);
			runOnlyForDeploymentPostprocessing = 0;
		};
/* End PBXSourcesBuildPhase section */

/* Begin PBXVariantGroup section */
		E814FE2E1F4729AA00FBD929 /* Main.storyboard */ = {
			isa = PBXVariantGroup;
			children = (
				E814FE2F1F4729AA00FBD929 /* Base */,
			);
			name = Main.storyboard;
			sourceTree = "<group>";
		};
		E814FE331F4729AA00FBD929 /* LaunchScreen.storyboard */ = {
			isa = PBXVariantGroup;
			children = (
				E814FE341F4729AA00FBD929 /* Base */,
			);
			name = LaunchScreen.storyboard;
			sourceTree = "<group>";
		};
/* End PBXVariantGroup section */

/* Begin XCBuildConfiguration section */
		E814FE371F4729AA00FBD929 /* Debug */ = {
			isa = XCBuildConfiguration;
			buildSettings = {
				ALWAYS_SEARCH_USER_PATHS = NO;
				CLANG_ANALYZER_NONNULL = YES;
				CLANG_ANALYZER_NUMBER_OBJECT_CONVERSION = YES_AGGRESSIVE;
				CLANG_CXX_LANGUAGE_STANDARD = "gnu++14";
				CLANG_CXX_LIBRARY = "libc++";
				CLANG_ENABLE_MODULES = YES;
				CLANG_ENABLE_OBJC_ARC = YES;
				CLANG_WARN_BLOCK_CAPTURE_AUTORELEASING = YES;
				CLANG_WARN_BOOL_CONVERSION = YES;
				CLANG_WARN_COMMA = YES;
				CLANG_WARN_CONSTANT_CONVERSION = YES;
				CLANG_WARN_DIRECT_OBJC_ISA_USAGE = YES_ERROR;
				CLANG_WARN_DOCUMENTATION_COMMENTS = YES;
				CLANG_WARN_EMPTY_BODY = YES;
				CLANG_WARN_ENUM_CONVERSION = YES;
				CLANG_WARN_INFINITE_RECURSION = YES;
				CLANG_WARN_INT_CONVERSION = YES;
				CLANG_WARN_NON_LITERAL_NULL_CONVERSION = YES;
				CLANG_WARN_OBJC_LITERAL_CONVERSION = YES;
				CLANG_WARN_OBJC_ROOT_CLASS = YES_ERROR;
				CLANG_WARN_RANGE_LOOP_ANALYSIS = YES;
				CLANG_WARN_STRICT_PROTOTYPES = YES;
				CLANG_WARN_SUSPICIOUS_MOVE = YES;
				CLANG_WARN_UNGUARDED_AVAILABILITY = YES_AGGRESSIVE;
				CLANG_WARN_UNREACHABLE_CODE = YES;
				CLANG_WARN__DUPLICATE_METHOD_MATCH = YES;
				CODE_SIGN_IDENTITY = "iPhone Developer";
				COPY_PHASE_STRIP = NO;
				DEBUG_INFORMATION_FORMAT = dwarf;
				ENABLE_STRICT_OBJC_MSGSEND = YES;
				ENABLE_TESTABILITY = YES;
				GCC_C_LANGUAGE_STANDARD = gnu11;
				GCC_DYNAMIC_NO_PIC = NO;
				GCC_NO_COMMON_BLOCKS = YES;
				GCC_OPTIMIZATION_LEVEL = 0;
				GCC_PREPROCESSOR_DEFINITIONS = (
					"DEBUG=1",
					"$(inherited)",
				);
				GCC_WARN_64_TO_32_BIT_CONVERSION = YES;
				GCC_WARN_ABOUT_RETURN_TYPE = YES_ERROR;
				GCC_WARN_UNDECLARED_SELECTOR = YES;
				GCC_WARN_UNINITIALIZED_AUTOS = YES_AGGRESSIVE;
				GCC_WARN_UNUSED_FUNCTION = YES;
				GCC_WARN_UNUSED_VARIABLE = YES;
				IPHONEOS_DEPLOYMENT_TARGET = 11.0;
				MTL_ENABLE_DEBUG_INFO = YES;
				ONLY_ACTIVE_ARCH = YES;
				SDKROOT = iphoneos;
				SWIFT_ACTIVE_COMPILATION_CONDITIONS = DEBUG;
				SWIFT_OPTIMIZATION_LEVEL = "-Onone";
			};
			name = Debug;
		};
		E814FE381F4729AA00FBD929 /* Release */ = {
			isa = XCBuildConfiguration;
			buildSettings = {
				ALWAYS_SEARCH_USER_PATHS = NO;
				CLANG_ANALYZER_NONNULL = YES;
				CLANG_ANALYZER_NUMBER_OBJECT_CONVERSION = YES_AGGRESSIVE;
				CLANG_CXX_LANGUAGE_STANDARD = "gnu++14";
				CLANG_CXX_LIBRARY = "libc++";
				CLANG_ENABLE_MODULES = YES;
				CLANG_ENABLE_OBJC_ARC = YES;
				CLANG_WARN_BLOCK_CAPTURE_AUTORELEASING = YES;
				CLANG_WARN_BOOL_CONVERSION = YES;
				CLANG_WARN_COMMA = YES;
				CLANG_WARN_CONSTANT_CONVERSION = YES;
				CLANG_WARN_DIRECT_OBJC_ISA_USAGE = YES_ERROR;
				CLANG_WARN_DOCUMENTATION_COMMENTS = YES;
				CLANG_WARN_EMPTY_BODY = YES;
				CLANG_WARN_ENUM_CONVERSION = YES;
				CLANG_WARN_INFINITE_RECURSION = YES;
				CLANG_WARN_INT_CONVERSION = YES;
				CLANG_WARN_NON_LITERAL_NULL_CONVERSION = YES;
				CLANG_WARN_OBJC_LITERAL_CONVERSION = YES;
				CLANG_WARN_OBJC_ROOT_CLASS = YES_ERROR;
				CLANG_WARN_RANGE_LOOP_ANALYSIS = YES;
				CLANG_WARN_STRICT_PROTOTYPES = YES;
				CLANG_WARN_SUSPICIOUS_MOVE = YES;
				CLANG_WARN_UNGUARDED_AVAILABILITY = YES_AGGRESSIVE;
				CLANG_WARN_UNREACHABLE_CODE = YES;
				CLANG_WARN__DUPLICATE_METHOD_MATCH = YES;
				CODE_SIGN_IDENTITY = "iPhone Developer";
				COPY_PHASE_STRIP = NO;
				DEBUG_INFORMATION_FORMAT = "dwarf-with-dsym";
				ENABLE_NS_ASSERTIONS = NO;
				ENABLE_STRICT_OBJC_MSGSEND = YES;
				GCC_C_LANGUAGE_STANDARD = gnu11;
				GCC_NO_COMMON_BLOCKS = YES;
				GCC_WARN_64_TO_32_BIT_CONVERSION = YES;
				GCC_WARN_ABOUT_RETURN_TYPE = YES_ERROR;
				GCC_WARN_UNDECLARED_SELECTOR = YES;
				GCC_WARN_UNINITIALIZED_AUTOS = YES_AGGRESSIVE;
				GCC_WARN_UNUSED_FUNCTION = YES;
				GCC_WARN_UNUSED_VARIABLE = YES;
				IPHONEOS_DEPLOYMENT_TARGET = 11.0;
				MTL_ENABLE_DEBUG_INFO = NO;
				SDKROOT = iphoneos;
				SWIFT_OPTIMIZATION_LEVEL = "-Owholemodule";
				VALIDATE_PRODUCT = YES;
			};
			name = Release;
		};
		E814FE3A1F4729AA00FBD929 /* Debug */ = {
			isa = XCBuildConfiguration;
			baseConfigurationReference = 7AE88691A223929FDAA5B2FE /* Pods-Smack.debug.xcconfig */;
			buildSettings = {
				ASSETCATALOG_COMPILER_APPICON_NAME = AppIcon;
				CLANG_ENABLE_MODULES = YES;
				DEVELOPMENT_TEAM = 6363D3B97R;
				INFOPLIST_FILE = Smack/Info.plist;
				LD_RUNPATH_SEARCH_PATHS = "$(inherited) @executable_path/Frameworks";
				PRODUCT_BUNDLE_IDENTIFIER = com.achalkias.Smack;
				PRODUCT_NAME = "$(TARGET_NAME)";
				SWIFT_OBJC_BRIDGING_HEADER = "Smack/Supporting Files/Smack-Bridging-Header.h";
				SWIFT_OPTIMIZATION_LEVEL = "-Onone";
				SWIFT_VERSION = 4.0;
				TARGETED_DEVICE_FAMILY = "1,2";
			};
			name = Debug;
		};
		E814FE3B1F4729AA00FBD929 /* Release */ = {
			isa = XCBuildConfiguration;
			baseConfigurationReference = BA15412BD210AF95B1E8C48E /* Pods-Smack.release.xcconfig */;
			buildSettings = {
				ASSETCATALOG_COMPILER_APPICON_NAME = AppIcon;
				CLANG_ENABLE_MODULES = YES;
				DEVELOPMENT_TEAM = 6363D3B97R;
				INFOPLIST_FILE = Smack/Info.plist;
				LD_RUNPATH_SEARCH_PATHS = "$(inherited) @executable_path/Frameworks";
				PRODUCT_BUNDLE_IDENTIFIER = com.achalkias.Smack;
				PRODUCT_NAME = "$(TARGET_NAME)";
				SWIFT_OBJC_BRIDGING_HEADER = "Smack/Supporting Files/Smack-Bridging-Header.h";
				SWIFT_VERSION = 4.0;
				TARGETED_DEVICE_FAMILY = "1,2";
			};
			name = Release;
		};
/* End XCBuildConfiguration section */

/* Begin XCConfigurationList section */
		E814FE221F4729AA00FBD929 /* Build configuration list for PBXProject "Smack" */ = {
			isa = XCConfigurationList;
			buildConfigurations = (
				E814FE371F4729AA00FBD929 /* Debug */,
				E814FE381F4729AA00FBD929 /* Release */,
			);
			defaultConfigurationIsVisible = 0;
			defaultConfigurationName = Release;
		};
		E814FE391F4729AA00FBD929 /* Build configuration list for PBXNativeTarget "Smack" */ = {
			isa = XCConfigurationList;
			buildConfigurations = (
				E814FE3A1F4729AA00FBD929 /* Debug */,
				E814FE3B1F4729AA00FBD929 /* Release */,
			);
			defaultConfigurationIsVisible = 0;
			defaultConfigurationName = Release;
		};
/* End XCConfigurationList section */
	};
	rootObject = E814FE1F1F4729AA00FBD929 /* Project object */;
}
